
Microsoft Visual Studio Solution File, Format Version 12.00
Project("{FAE04EC0-301F-11D3-BF4B-00C04F79EFBC}") = "Blitz.Configuration", "Blitz.Configuration\Blitz.Configuration.csproj", "{6113A8CE-95F8-4F59-B9FB-49785FA25145}"
EndProject
Project("{FAE04EC0-301F-11D3-BF4B-00C04F79EFBC}") = "Blitz.Avalonia.Controls", "Blitz.Avalonia.Controls\Blitz.Avalonia.Controls.csproj", "{5C0DEB59-79E5-4A66-A7CE-E497F3A3A9C4}"
EndProject
Project("{FAE04EC0-301F-11D3-BF4B-00C04F79EFBC}") = "Blitz", "Blitz\Blitz.csproj", "{819CA219-2842-441C-86B5-4BE8722455C9}"
EndProject
Project("{2150E333-8FDC-42A3-9474-1A3956D46DE8}") = "SolutionFolder1", "SolutionFolder1", "{0186C572-2114-4C8E-AFA0-21EE2CE70CE9}"
EndProject
Project("{FAE04EC0-301F-11D3-BF4B-00C04F79EFBC}") = "Blitz.Search", "..\..\Blitz.Search\src\Blitz.Search\Blitz.Search.csproj", "{DE1FE23C-4C45-42D2-B938-43DC4DE81BC5}"
EndProject
Global
	GlobalSection(SolutionConfigurationPlatforms) = preSolution
		Debug|Any CPU = Debug|Any CPU
		Release|Any CPU = Release|Any CPU
	EndGlobalSection
	GlobalSection(ProjectConfigurationPlatforms) = postSolution
		{6113A8CE-95F8-4F59-B9FB-49785FA25145}.Debug|Any CPU.ActiveCfg = Debug|Any CPU
		{6113A8CE-95F8-4F59-B9FB-49785FA25145}.Debug|Any CPU.Build.0 = Debug|Any CPU
		{6113A8CE-95F8-4F59-B9FB-49785FA25145}.Release|Any CPU.ActiveCfg = Release|Any CPU
		{6113A8CE-95F8-4F59-B9FB-49785FA25145}.Release|Any CPU.Build.0 = Release|Any CPU
		{5C0DEB59-79E5-4A66-A7CE-E497F3A3A9C4}.Debug|Any CPU.ActiveCfg = Debug|Any CPU
		{5C0DEB59-79E5-4A66-A7CE-E497F3A3A9C4}.Debug|Any CPU.Build.0 = Debug|Any CPU
		{5C0DEB59-79E5-4A66-A7CE-E497F3A3A9C4}.Release|Any CPU.ActiveCfg = Release|Any CPU
		{5C0DEB59-79E5-4A66-A7CE-E497F3A3A9C4}.Release|Any CPU.Build.0 = Release|Any CPU
		{819CA219-2842-441C-86B5-4BE8722455C9}.Debug|Any CPU.ActiveCfg = Debug|Any CPU
		{819CA219-2842-441C-86B5-4BE8722455C9}.Debug|Any CPU.Build.0 = Debug|Any CPU
		{819CA219-2842-441C-86B5-4BE8722455C9}.Release|Any CPU.ActiveCfg = Release|Any CPU
		{819CA219-2842-441C-86B5-4BE8722455C9}.Release|Any CPU.Build.0 = Release|Any CPU
		{DE1FE23C-4C45-42D2-B938-43DC4DE81BC5}.Debug|Any CPU.ActiveCfg = Debug|Any CPU
		{DE1FE23C-4C45-42D2-B938-43DC4DE81BC5}.Debug|Any CPU.Build.0 = Debug|Any CPU
		{DE1FE23C-4C45-42D2-B938-43DC4DE81BC5}.Release|Any CPU.ActiveCfg = Release|Any CPU
		{DE1FE23C-4C45-42D2-B938-43DC4DE81BC5}.Release|Any CPU.Build.0 = Release|Any CPU
	EndGlobalSection
	GlobalSection(NestedProjects) = preSolution
		{DE1FE23C-4C45-42D2-B938-43DC4DE81BC5} = {0186C572-2114-4C8E-AFA0-21EE2CE70CE9}
	EndGlobalSection
EndGlobal
