
Microsoft Visual Studio Solution File, Format Version 12.00
Project("{FAE04EC0-301F-11D3-BF4B-00C04F79EFBC}") = "BlitzEdit", "BlitzEdit.csproj", "{706EDF11-4423-4963-A976-CD085B1C9762}"
EndProject
Project("{FAE04EC0-301F-11D3-BF4B-00C04F79EFBC}") = "Blitz.AvaloniaEdit", "..\Blitz.AvaloniaEdit\Blitz.AvaloniaEdit.csproj", "{4C51E452-DE0A-4C3C-96B7-220B6AAD6994}"
EndProject
Global
	GlobalSection(SolutionConfigurationPlatforms) = preSolution
		Debug|Any CPU = Debug|Any CPU
		Release|Any CPU = Release|Any CPU
	EndGlobalSection
	GlobalSection(ProjectConfigurationPlatforms) = postSolution
		{706EDF11-4423-4963-A976-CD085B1C9762}.Debug|Any CPU.ActiveCfg = Debug|Any CPU
		{706EDF11-4423-4963-A976-CD085B1C9762}.Debug|Any CPU.Build.0 = Debug|Any CPU
		{706EDF11-4423-4963-A976-CD085B1C9762}.Release|Any CPU.ActiveCfg = Release|Any CPU
		{706EDF11-4423-4963-A976-CD085B1C9762}.Release|Any CPU.Build.0 = Release|Any CPU
		{4C51E452-DE0A-4C3C-96B7-220B6AAD6994}.Debug|Any CPU.ActiveCfg = Debug|Any CPU
		{4C51E452-DE0A-4C3C-96B7-220B6AAD6994}.Debug|Any CPU.Build.0 = Debug|Any CPU
		{4C51E452-DE0A-4C3C-96B7-220B6AAD6994}.Release|Any CPU.ActiveCfg = Release|Any CPU
		{4C51E452-DE0A-4C3C-96B7-220B6AAD6994}.Release|Any CPU.Build.0 = Release|Any CPU
	EndGlobalSection
EndGlobal
